{
    "requires": true,
    "lockfileVersion": 1,
    "dependencies": {
        "vue": {
            "version": "2.6.10",
            "resolved": "https://registry.npmjs.org/vue/-/vue-2.6.10.tgz",
            "integrity": "sha512-ImThpeNU9HbdZL3utgMCq0oiMzAkt1mcgy3/E6zWC/G6AaQoeuFdsl9nDhTDU3X1R6FK7nsIUuRACVcjI+A2GQ=="
        },
        "vue-router": {
            "version": "3.0.7",
            "resolved": "https://registry.npmjs.org/vue-router/-/vue-router-3.0.7.tgz",
            "integrity": "sha512-utJ+QR3YlIC/6x6xq17UMXeAfxEvXA0VKD3PiSio7hBOZNusA1jXcbxZxVEfJunLp48oonjTepY8ORoIlRx/EQ=="
        },
        "vuetify": {
            "version": "2.0.4",
            "resolved": "https://registry.npmjs.org/vuetify/-/vuetify-2.0.4.tgz",
            "integrity": "sha512-StXzJUph//ZJ1UTQNoJBmjAcC71Goeeg5Ag392z85dyertihy/3BIzPPxMqFTOJuDzst6oGQ3uQCfkIIqJvtfA=="
        }
    }
}
